// !$*UTF8*$!
{
	archiveVersion = 1;
	classes = {
	};
	objectVersion = 46;
	objects = {

/* Begin PBXBuildFile section */
		419CAB3E1C23A9B6005F4CE8 /* libopencv_calib3d.3.0.0.dylib in Frameworks */ = {isa = PBXBuildFile; fileRef = 419CAB2E1C23A9B6005F4CE8 /* libopencv_calib3d.3.0.0.dylib */; };
		419CAB3F1C23A9B6005F4CE8 /* libopencv_core.3.0.0.dylib in Frameworks */ = {isa = PBXBuildFile; fileRef = 419CAB2F1C23A9B6005F4CE8 /* libopencv_core.3.0.0.dylib */; };
		419CAB401C23A9B6005F4CE8 /* libopencv_features2d.3.0.0.dylib in Frameworks */ = {isa = PBXBuildFile; fileRef = 419CAB301C23A9B6005F4CE8 /* libopencv_features2d.3.0.0.dylib */; };
		419CAB411C23A9B6005F4CE8 /* libopencv_flann.3.0.0.dylib in Frameworks */ = {isa = PBXBuildFile; fileRef = 419CAB311C23A9B6005F4CE8 /* libopencv_flann.3.0.0.dylib */; };
		419CAB421C23A9B6005F4CE8 /* libopencv_highgui.3.0.0.dylib in Frameworks */ = {isa = PBXBuildFile; fileRef = 419CAB321C23A9B6005F4CE8 /* libopencv_highgui.3.0.0.dylib */; };
		419CAB431C23A9B6005F4CE8 /* libopencv_imgcodecs.3.0.0.dylib in Frameworks */ = {isa = PBXBuildFile; fileRef = 419CAB331C23A9B6005F4CE8 /* libopencv_imgcodecs.3.0.0.dylib */; };
		419CAB441C23A9B6005F4CE8 /* libopencv_imgproc.3.0.0.dylib in Frameworks */ = {isa = PBXBuildFile; fileRef = 419CAB341C23A9B6005F4CE8 /* libopencv_imgproc.3.0.0.dylib */; };
		419CAB451C23A9B6005F4CE8 /* libopencv_ml.3.0.0.dylib in Frameworks */ = {isa = PBXBuildFile; fileRef = 419CAB351C23A9B6005F4CE8 /* libopencv_ml.3.0.0.dylib */; };
		419CAB461C23A9B6005F4CE8 /* libopencv_objdetect.3.0.0.dylib in Frameworks */ = {isa = PBXBuildFile; fileRef = 419CAB361C23A9B6005F4CE8 /* libopencv_objdetect.3.0.0.dylib */; };
		419CAB471C23A9B6005F4CE8 /* libopencv_photo.3.0.0.dylib in Frameworks */ = {isa = PBXBuildFile; fileRef = 419CAB371C23A9B6005F4CE8 /* libopencv_photo.3.0.0.dylib */; };
		419CAB481C23A9B6005F4CE8 /* libopencv_shape.3.0.0.dylib in Frameworks */ = {isa = PBXBuildFile; fileRef = 419CAB381C23A9B6005F4CE8 /* libopencv_shape.3.0.0.dylib */; };
		419CAB491C23A9B6005F4CE8 /* libopencv_stitching.3.0.0.dylib in Frameworks */ = {isa = PBXBuildFile; fileRef = 419CAB391C23A9B6005F4CE8 /* libopencv_stitching.3.0.0.dylib */; };
		419CAB4A1C23A9B6005F4CE8 /* libopencv_superres.3.0.0.dylib in Frameworks */ = {isa = PBXBuildFile; fileRef = 419CAB3A1C23A9B6005F4CE8 /* libopencv_superres.3.0.0.dylib */; };
		419CAB4B1C23A9B6005F4CE8 /* libopencv_video.3.0.0.dylib in Frameworks */ = {isa = PBXBuildFile; fileRef = 419CAB3B1C23A9B6005F4CE8 /* libopencv_video.3.0.0.dylib */; };
		419CAB4C1C23A9B6005F4CE8 /* libopencv_videoio.3.0.0.dylib in Frameworks */ = {isa = PBXBuildFile; fileRef = 419CAB3C1C23A9B6005F4CE8 /* libopencv_videoio.3.0.0.dylib */; };
		419CAB4D1C23A9B6005F4CE8 /* libopencv_videostab.3.0.0.dylib in Frameworks */ = {isa = PBXBuildFile; fileRef = 419CAB3D1C23A9B6005F4CE8 /* libopencv_videostab.3.0.0.dylib */; };
		41D22AFA1C57D7620038F5F6 /* quilting.cpp in Sources */ = {isa = PBXBuildFile; fileRef = 41D22AF81C57D7620038F5F6 /* quilting.cpp */; };
/* End PBXBuildFile section */

/* Begin PBXCopyFilesBuildPhase section */
		416CFD491C12E0CE000212E1 /* CopyFiles */ = {
			isa = PBXCopyFilesBuildPhase;
			buildActionMask = 2147483647;
			dstPath = /usr/share/man/man1/;
			dstSubfolderSpec = 0;
			files = (
			);
			runOnlyForDeploymentPostprocessing = 1;
		};
/* End PBXCopyFilesBuildPhase section */

/* Begin PBXFileReference section */
		416CFD4B1C12E0CE000212E1 /* SeamlessClone */ = {isa = PBXFileReference; explicitFileType = "compiled.mach-o.executable"; includeInIndex = 0; path = SeamlessClone; sourceTree = BUILT_PRODUCTS_DIR; };
		419CAB2E1C23A9B6005F4CE8 /* libopencv_calib3d.3.0.0.dylib */ = {isa = PBXFileReference; lastKnownFileType = "compiled.mach-o.dylib"; name = libopencv_calib3d.3.0.0.dylib; path = /usr/local/Cellar/opencv3/3.0.0/lib/libopencv_calib3d.3.0.0.dylib; sourceTree = "<absolute>"; };
		419CAB2F1C23A9B6005F4CE8 /* libopencv_core.3.0.0.dylib */ = {isa = PBXFileReference; lastKnownFileType = "compiled.mach-o.dylib"; name = libopencv_core.3.0.0.dylib; path = /usr/local/Cellar/opencv3/3.0.0/lib/libopencv_core.3.0.0.dylib; sourceTree = "<absolute>"; };
		419CAB301C23A9B6005F4CE8 /* libopencv_features2d.3.0.0.dylib */ = {isa = PBXFileReference; lastKnownFileType = "compiled.mach-o.dylib"; name = libopencv_features2d.3.0.0.dylib; path = /usr/local/Cellar/opencv3/3.0.0/lib/libopencv_features2d.3.0.0.dylib; sourceTree = "<absolute>"; };
		419CAB311C23A9B6005F4CE8 /* libopencv_flann.3.0.0.dylib */ = {isa = PBXFileReference; lastKnownFileType = "compiled.mach-o.dylib"; name = libopencv_flann.3.0.0.dylib; path = /usr/local/Cellar/opencv3/3.0.0/lib/libopencv_flann.3.0.0.dylib; sourceTree = "<absolute>"; };
		419CAB321C23A9B6005F4CE8 /* libopencv_highgui.3.0.0.dylib */ = {isa = PBXFileReference; lastKnownFileType = "compiled.mach-o.dylib"; name = libopencv_highgui.3.0.0.dylib; path = /usr/local/Cellar/opencv3/3.0.0/lib/libopencv_highgui.3.0.0.dylib; sourceTree = "<absolute>"; };
		419CAB331C23A9B6005F4CE8 /* libopencv_imgcodecs.3.0.0.dylib */ = {isa = PBXFileReference; lastKnownFileType = "compiled.mach-o.dylib"; name = libopencv_imgcodecs.3.0.0.dylib; path = /usr/local/Cellar/opencv3/3.0.0/lib/libopencv_imgcodecs.3.0.0.dylib; sourceTree = "<absolute>"; };
		419CAB341C23A9B6005F4CE8 /* libopencv_imgproc.3.0.0.dylib */ = {isa = PBXFileReference; lastKnownFileType = "compiled.mach-o.dylib"; name = libopencv_imgproc.3.0.0.dylib; path = /usr/local/Cellar/opencv3/3.0.0/lib/libopencv_imgproc.3.0.0.dylib; sourceTree = "<absolute>"; };
		419CAB351C23A9B6005F4CE8 /* libopencv_ml.3.0.0.dylib */ = {isa = PBXFileReference; lastKnownFileType = "compiled.mach-o.dylib"; name = libopencv_ml.3.0.0.dylib; path = /usr/local/Cellar/opencv3/3.0.0/lib/libopencv_ml.3.0.0.dylib; sourceTree = "<absolute>"; };
		419CAB361C23A9B6005F4CE8 /* libopencv_objdetect.3.0.0.dylib */ = {isa = PBXFileReference; lastKnownFileType = "compiled.mach-o.dylib"; name = libopencv_objdetect.3.0.0.dylib; path = /usr/local/Cellar/opencv3/3.0.0/lib/libopencv_objdetect.3.0.0.dylib; sourceTree = "<absolute>"; };
		419CAB371C23A9B6005F4CE8 /* libopencv_photo.3.0.0.dylib */ = {isa = PBXFileReference; lastKnownFileType = "compiled.mach-o.dylib"; name = libopencv_photo.3.0.0.dylib; path = /usr/local/Cellar/opencv3/3.0.0/lib/libopencv_photo.3.0.0.dylib; sourceTree = "<absolute>"; };
		419CAB381C23A9B6005F4CE8 /* libopencv_shape.3.0.0.dylib */ = {isa = PBXFileReference; lastKnownFileType = "compiled.mach-o.dylib"; name = libopencv_shape.3.0.0.dylib; path = /usr/local/Cellar/opencv3/3.0.0/lib/libopencv_shape.3.0.0.dylib; sourceTree = "<absolute>"; };
		419CAB391C23A9B6005F4CE8 /* libopencv_stitching.3.0.0.dylib */ = {isa = PBXFileReference; lastKnownFileType = "compiled.mach-o.dylib"; name = libopencv_stitching.3.0.0.dylib; path = /usr/local/Cellar/opencv3/3.0.0/lib/libopencv_stitching.3.0.0.dylib; sourceTree = "<absolute>"; };
		419CAB3A1C23A9B6005F4CE8 /* libopencv_superres.3.0.0.dylib */ = {isa = PBXFileReference; lastKnownFileType = "compiled.mach-o.dylib"; name = libopencv_superres.3.0.0.dylib; path = /usr/local/Cellar/opencv3/3.0.0/lib/libopencv_superres.3.0.0.dylib; sourceTree = "<absolute>"; };
		419CAB3B1C23A9B6005F4CE8 /* libopencv_video.3.0.0.dylib */ = {isa = PBXFileReference; lastKnownFileType = "compiled.mach-o.dylib"; name = libopencv_video.3.0.0.dylib; path = /usr/local/Cellar/opencv3/3.0.0/lib/libopencv_video.3.0.0.dylib; sourceTree = "<absolute>"; };
		419CAB3C1C23A9B6005F4CE8 /* libopencv_videoio.3.0.0.dylib */ = {isa = PBXFileReference; lastKnownFileType = "compiled.mach-o.dylib"; name = libopencv_videoio.3.0.0.dylib; path = /usr/local/Cellar/opencv3/3.0.0/lib/libopencv_videoio.3.0.0.dylib; sourceTree = "<absolute>"; };
		419CAB3D1C23A9B6005F4CE8 /* libopencv_videostab.3.0.0.dylib */ = {isa = PBXFileReference; lastKnownFileType = "compiled.mach-o.dylib"; name = libopencv_videostab.3.0.0.dylib; path = /usr/local/Cellar/opencv3/3.0.0/lib/libopencv_videostab.3.0.0.dylib; sourceTree = "<absolute>"; };
		41D22AF81C57D7620038F5F6 /* quilting.cpp */ = {isa = PBXFileReference; fileEncoding = 4; lastKnownFileType = sourcecode.cpp.cpp; name = quilting.cpp; path = src/quilting.cpp; sourceTree = SOURCE_ROOT; };
		41D22AF91C57D7620038F5F6 /* quilting.hpp */ = {isa = PBXFileReference; fileEncoding = 4; lastKnownFileType = sourcecode.cpp.h; name = quilting.hpp; path = src/quilting.hpp; sourceTree = SOURCE_ROOT; };
		41D22AFB1C57E49E0038F5F6 /* blending.hpp */ = {isa = PBXFileReference; fileEncoding = 4; lastKnownFileType = sourcecode.cpp.h; name = blending.hpp; path = src/blending.hpp; sourceTree = SOURCE_ROOT; };
/* End PBXFileReference section */

/* Begin PBXFrameworksBuildPhase section */
		416CFD481C12E0CE000212E1 /* Frameworks */ = {
			isa = PBXFrameworksBuildPhase;
			buildActionMask = 2147483647;
			files = (
				419CAB3E1C23A9B6005F4CE8 /* libopencv_calib3d.3.0.0.dylib in Frameworks */,
				419CAB3F1C23A9B6005F4CE8 /* libopencv_core.3.0.0.dylib in Frameworks */,
				419CAB401C23A9B6005F4CE8 /* libopencv_features2d.3.0.0.dylib in Frameworks */,
				419CAB411C23A9B6005F4CE8 /* libopencv_flann.3.0.0.dylib in Frameworks */,
				419CAB421C23A9B6005F4CE8 /* libopencv_highgui.3.0.0.dylib in Frameworks */,
				419CAB431C23A9B6005F4CE8 /* libopencv_imgcodecs.3.0.0.dylib in Frameworks */,
				419CAB441C23A9B6005F4CE8 /* libopencv_imgproc.3.0.0.dylib in Frameworks */,
				419CAB451C23A9B6005F4CE8 /* libopencv_ml.3.0.0.dylib in Frameworks */,
				419CAB461C23A9B6005F4CE8 /* libopencv_objdetect.3.0.0.dylib in Frameworks */,
				419CAB471C23A9B6005F4CE8 /* libopencv_photo.3.0.0.dylib in Frameworks */,
				419CAB481C23A9B6005F4CE8 /* libopencv_shape.3.0.0.dylib in Frameworks */,
				419CAB491C23A9B6005F4CE8 /* libopencv_stitching.3.0.0.dylib in Frameworks */,
				419CAB4A1C23A9B6005F4CE8 /* libopencv_superres.3.0.0.dylib in Frameworks */,
				419CAB4B1C23A9B6005F4CE8 /* libopencv_video.3.0.0.dylib in Frameworks */,
				419CAB4C1C23A9B6005F4CE8 /* libopencv_videoio.3.0.0.dylib in Frameworks */,
				419CAB4D1C23A9B6005F4CE8 /* libopencv_videostab.3.0.0.dylib in Frameworks */,
			);
			runOnlyForDeploymentPostprocessing = 0;
		};
/* End PBXFrameworksBuildPhase section */

/* Begin PBXGroup section */
		416CFD421C12E0CE000212E1 = {
			isa = PBXGroup;
			children = (
				416CFD791C12E188000212E1 /* dylib */,
				416CFD4D1C12E0CE000212E1 /* src */,
				416CFD4C1C12E0CE000212E1 /* Products */,
			);
			sourceTree = "<group>";
		};
		416CFD4C1C12E0CE000212E1 /* Products */ = {
			isa = PBXGroup;
			children = (
				416CFD4B1C12E0CE000212E1 /* SeamlessClone */,
			);
			name = Products;
			sourceTree = "<group>";
		};
		416CFD4D1C12E0CE000212E1 /* src */ = {
			isa = PBXGroup;
			children = (
				41D22AFB1C57E49E0038F5F6 /* blending.hpp */,
				41D22AF81C57D7620038F5F6 /* quilting.cpp */,
				41D22AF91C57D7620038F5F6 /* quilting.hpp */,
			);
			name = src;
			path = opencvtest;
			sourceTree = "<group>";
		};
		416CFD791C12E188000212E1 /* dylib */ = {
			isa = PBXGroup;
			children = (
				419CAB2E1C23A9B6005F4CE8 /* libopencv_calib3d.3.0.0.dylib */,
				419CAB2F1C23A9B6005F4CE8 /* libopencv_core.3.0.0.dylib */,
				419CAB301C23A9B6005F4CE8 /* libopencv_features2d.3.0.0.dylib */,
				419CAB311C23A9B6005F4CE8 /* libopencv_flann.3.0.0.dylib */,
				419CAB321C23A9B6005F4CE8 /* libopencv_highgui.3.0.0.dylib */,
				419CAB331C23A9B6005F4CE8 /* libopencv_imgcodecs.3.0.0.dylib */,
				419CAB341C23A9B6005F4CE8 /* libopencv_imgproc.3.0.0.dylib */,
				419CAB351C23A9B6005F4CE8 /* libopencv_ml.3.0.0.dylib */,
				419CAB361C23A9B6005F4CE8 /* libopencv_objdetect.3.0.0.dylib */,
				419CAB371C23A9B6005F4CE8 /* libopencv_photo.3.0.0.dylib */,
				419CAB381C23A9B6005F4CE8 /* libopencv_shape.3.0.0.dylib */,
				419CAB391C23A9B6005F4CE8 /* libopencv_stitching.3.0.0.dylib */,
				419CAB3A1C23A9B6005F4CE8 /* libopencv_superres.3.0.0.dylib */,
				419CAB3B1C23A9B6005F4CE8 /* libopencv_video.3.0.0.dylib */,
				419CAB3C1C23A9B6005F4CE8 /* libopencv_videoio.3.0.0.dylib */,
				419CAB3D1C23A9B6005F4CE8 /* libopencv_videostab.3.0.0.dylib */,
			);
			name = dylib;
			sourceTree = "<group>";
		};
/* End PBXGroup section */

/* Begin PBXNativeTarget section */
		416CFD4A1C12E0CE000212E1 /* ImageQuilting */ = {
			isa = PBXNativeTarget;
			buildConfigurationList = 416CFD521C12E0CE000212E1 /* Build configuration list for PBXNativeTarget "ImageQuilting" */;
			buildPhases = (
				416CFD471C12E0CE000212E1 /* Sources */,
				416CFD481C12E0CE000212E1 /* Frameworks */,
				416CFD491C12E0CE000212E1 /* CopyFiles */,
			);
			buildRules = (
			);
			dependencies = (
			);
			name = ImageQuilting;
			productName = opencvtest;
			productReference = 416CFD4B1C12E0CE000212E1 /* SeamlessClone */;
			productType = "com.apple.product-type.tool";
		};
/* End PBXNativeTarget section */

/* Begin PBXProject section */
		416CFD431C12E0CE000212E1 /* Project object */ = {
			isa = PBXProject;
			attributes = {
				LastUpgradeCheck = 0710;
				ORGANIZATIONNAME = shugo;
				TargetAttributes = {
					416CFD4A1C12E0CE000212E1 = {
						CreatedOnToolsVersion = 7.1;
					};
				};
			};
			buildConfigurationList = 416CFD461C12E0CE000212E1 /* Build configuration list for PBXProject "ImageQuilting" */;
			compatibilityVersion = "Xcode 3.2";
			developmentRegion = English;
			hasScannedForEncodings = 0;
			knownRegions = (
				en,
			);
			mainGroup = 416CFD421C12E0CE000212E1;
			productRefGroup = 416CFD4C1C12E0CE000212E1 /* Products */;
			projectDirPath = "";
			projectRoot = "";
			targets = (
				416CFD4A1C12E0CE000212E1 /* ImageQuilting */,
			);
		};
/* End PBXProject section */

/* Begin PBXSourcesBuildPhase section */
		416CFD471C12E0CE000212E1 /* Sources */ = {
			isa = PBXSourcesBuildPhase;
			buildActionMask = 2147483647;
			files = (
				41D22AFA1C57D7620038F5F6 /* quilting.cpp in Sources */,
			);
			runOnlyForDeploymentPostprocessing = 0;
		};
/* End PBXSourcesBuildPhase section */

/* Begin XCBuildConfiguration section */
		416CFD501C12E0CE000212E1 /* Debug */ = {
			isa = XCBuildConfiguration;
			buildSettings = {
				ALWAYS_SEARCH_USER_PATHS = NO;
				CLANG_CXX_LANGUAGE_STANDARD = "gnu++0x";
				CLANG_CXX_LIBRARY = "libc++";
				CLANG_ENABLE_MODULES = YES;
				CLANG_ENABLE_OBJC_ARC = YES;
				CLANG_WARN_BOOL_CONVERSION = YES;
				CLANG_WARN_CONSTANT_CONVERSION = YES;
				CLANG_WARN_DIRECT_OBJC_ISA_USAGE = YES_ERROR;
				CLANG_WARN_EMPTY_BODY = YES;
				CLANG_WARN_ENUM_CONVERSION = YES;
				CLANG_WARN_INT_CONVERSION = YES;
				CLANG_WARN_OBJC_ROOT_CLASS = YES_ERROR;
				CLANG_WARN_UNREACHABLE_CODE = YES;
				CLANG_WARN__DUPLICATE_METHOD_MATCH = YES;
				CODE_SIGN_IDENTITY = "-";
				COPY_PHASE_STRIP = NO;
				DEBUG_INFORMATION_FORMAT = dwarf;
				ENABLE_STRICT_OBJC_MSGSEND = YES;
				ENABLE_TESTABILITY = YES;
				GCC_C_LANGUAGE_STANDARD = gnu99;
				GCC_DYNAMIC_NO_PIC = NO;
				GCC_NO_COMMON_BLOCKS = YES;
				GCC_OPTIMIZATION_LEVEL = 0;
				GCC_PREPROCESSOR_DEFINITIONS = (
					"DEBUG=1",
					"$(inherited)",
				);
				GCC_WARN_64_TO_32_BIT_CONVERSION = YES;
				GCC_WARN_ABOUT_RETURN_TYPE = YES_ERROR;
				GCC_WARN_UNDECLARED_SELECTOR = YES;
				GCC_WARN_UNINITIALIZED_AUTOS = YES_AGGRESSIVE;
				GCC_WARN_UNUSED_FUNCTION = YES;
				GCC_WARN_UNUSED_VARIABLE = YES;
				MACOSX_DEPLOYMENT_TARGET = 10.10;
				MTL_ENABLE_DEBUG_INFO = YES;
				ONLY_ACTIVE_ARCH = YES;
				SDKROOT = macosx;
			};
			name = Debug;
		};
		416CFD511C12E0CE000212E1 /* Release */ = {
			isa = XCBuildConfiguration;
			buildSettings = {
				ALWAYS_SEARCH_USER_PATHS = NO;
				CLANG_CXX_LANGUAGE_STANDARD = "gnu++0x";
				CLANG_CXX_LIBRARY = "libc++";
				CLANG_ENABLE_MODULES = YES;
				CLANG_ENABLE_OBJC_ARC = YES;
				CLANG_WARN_BOOL_CONVERSION = YES;
				CLANG_WARN_CONSTANT_CONVERSION = YES;
				CLANG_WARN_DIRECT_OBJC_ISA_USAGE = YES_ERROR;
				CLANG_WARN_EMPTY_BODY = YES;
				CLANG_WARN_ENUM_CONVERSION = YES;
				CLANG_WARN_INT_CONVERSION = YES;
				CLANG_WARN_OBJC_ROOT_CLASS = YES_ERROR;
				CLANG_WARN_UNREACHABLE_CODE = YES;
				CLANG_WARN__DUPLICATE_METHOD_MATCH = YES;
				CODE_SIGN_IDENTITY = "-";
				COPY_PHASE_STRIP = NO;
				DEBUG_INFORMATION_FORMAT = "dwarf-with-dsym";
				ENABLE_NS_ASSERTIONS = NO;
				ENABLE_STRICT_OBJC_MSGSEND = YES;
				GCC_C_LANGUAGE_STANDARD = gnu99;
				GCC_NO_COMMON_BLOCKS = YES;
				GCC_WARN_64_TO_32_BIT_CONVERSION = YES;
				GCC_WARN_ABOUT_RETURN_TYPE = YES_ERROR;
				GCC_WARN_UNDECLARED_SELECTOR = YES;
				GCC_WARN_UNINITIALIZED_AUTOS = YES_AGGRESSIVE;
				GCC_WARN_UNUSED_FUNCTION = YES;
				GCC_WARN_UNUSED_VARIABLE = YES;
				MACOSX_DEPLOYMENT_TARGET = 10.10;
				MTL_ENABLE_DEBUG_INFO = NO;
				SDKROOT = macosx;
			};
			name = Release;
		};
		416CFD531C12E0CE000212E1 /* Debug */ = {
			isa = XCBuildConfiguration;
			buildSettings = {
				HEADER_SEARCH_PATHS = /usr/local/Cellar/opencv3/3.0.0/include;
				LIBRARY_SEARCH_PATHS = /usr/local/Cellar/opencv3/3.0.0/lib;
				PRODUCT_NAME = SeamlessClone;
			};
			name = Debug;
		};
		416CFD541C12E0CE000212E1 /* Release */ = {
			isa = XCBuildConfiguration;
			buildSettings = {
				HEADER_SEARCH_PATHS = /usr/local/Cellar/opencv3/3.0.0/include;
				LIBRARY_SEARCH_PATHS = /usr/local/Cellar/opencv3/3.0.0/lib;
				PRODUCT_NAME = SeamlessClone;
			};
			name = Release;
		};
/* End XCBuildConfiguration section */

/* Begin XCConfigurationList section */
		416CFD461C12E0CE000212E1 /* Build configuration list for PBXProject "ImageQuilting" */ = {
			isa = XCConfigurationList;
			buildConfigurations = (
				416CFD501C12E0CE000212E1 /* Debug */,
				416CFD511C12E0CE000212E1 /* Release */,
			);
			defaultConfigurationIsVisible = 0;
			defaultConfigurationName = Release;
		};
		416CFD521C12E0CE000212E1 /* Build configuration list for PBXNativeTarget "ImageQuilting" */ = {
			isa = XCConfigurationList;
			buildConfigurations = (
				416CFD531C12E0CE000212E1 /* Debug */,
				416CFD541C12E0CE000212E1 /* Release */,
			);
			defaultConfigurationIsVisible = 0;
			defaultConfigurationName = Release;
		};
/* End XCConfigurationList section */
	};
	rootObject = 416CFD431C12E0CE000212E1 /* Project object */;
}
